
Microsoft Visual Studio Solution File, Format Version 12.00
# Visual Studio Version 16
VisualStudioVersion = 16.0.31129.286
MinimumVisualStudioVersion = 10.0.40219.1
Project("{FAE04EC0-301F-11D3-BF4B-00C04F79EFBC}") = "Task2API", "Task2API\Task2API.csproj", "{48A27279-0272-4F4F-99A1-C086172AC8CE}"
	ProjectSection(ProjectDependencies) = postProject
		{CF9EACAC-3AAB-4D08-AD2A-F4233E2CF82F} = {CF9EACAC-3AAB-4D08-AD2A-F4233E2CF82F}
	EndProjectSection
EndProject
Project("{FAE04EC0-301F-11D3-BF4B-00C04F79EFBC}") = "Task2Services", "Task2Services\Task2Services.csproj", "{CF9EACAC-3AAB-4D08-AD2A-F4233E2CF82F}"
EndProject
Global
	GlobalSection(SolutionConfigurationPlatforms) = preSolution
		Debug|Any CPU = Debug|Any CPU
		Release|Any CPU = Release|Any CPU
	EndGlobalSection
	GlobalSection(ProjectConfigurationPlatforms) = postSolution
		{48A27279-0272-4F4F-99A1-C086172AC8CE}.Debug|Any CPU.ActiveCfg = Debug|Any CPU
		{48A27279-0272-4F4F-99A1-C086172AC8CE}.Debug|Any CPU.Build.0 = Debug|Any CPU
		{48A27279-0272-4F4F-99A1-C086172AC8CE}.Release|Any CPU.ActiveCfg = Release|Any CPU
		{48A27279-0272-4F4F-99A1-C086172AC8CE}.Release|Any CPU.Build.0 = Release|Any CPU
		{CF9EACAC-3AAB-4D08-AD2A-F4233E2CF82F}.Debug|Any CPU.ActiveCfg = Debug|Any CPU
		{CF9EACAC-3AAB-4D08-AD2A-F4233E2CF82F}.Debug|Any CPU.Build.0 = Debug|Any CPU
		{CF9EACAC-3AAB-4D08-AD2A-F4233E2CF82F}.Release|Any CPU.ActiveCfg = Release|Any CPU
		{CF9EACAC-3AAB-4D08-AD2A-F4233E2CF82F}.Release|Any CPU.Build.0 = Release|Any CPU
	EndGlobalSection
	GlobalSection(SolutionProperties) = preSolution
		HideSolutionNode = FALSE
	EndGlobalSection
	GlobalSection(ExtensibilityGlobals) = postSolution
		SolutionGuid = {89ECD01E-EBCD-4926-B43E-376E0F32E622}
	EndGlobalSection
EndGlobal
